
Microsoft Visual Studio Solution File, Format Version 12.00
# Visual Studio Version 17
VisualStudioVersion = 17.4.33213.308
MinimumVisualStudioVersion = 10.0.40219.1
Project("{FAE04EC0-301F-11D3-BF4B-00C04F79EFBC}") = "Entities", "Entities\Entities.csproj", "{24789292-85C5-4B50-AD3D-64D62D38084B}"
EndProject
Global
	GlobalSection(SolutionConfigurationPlatforms) = preSolution
		Debug|Any CPU = Debug|Any CPU
		Release|Any CPU = Release|Any CPU
	EndGlobalSection
	GlobalSection(ProjectConfigurationPlatforms) = postSolution
		{24789292-85C5-4B50-AD3D-64D62D38084B}.Debug|Any CPU.ActiveCfg = Debug|Any CPU
		{24789292-85C5-4B50-AD3D-64D62D38084B}.Debug|Any CPU.Build.0 = Debug|Any CPU
		{24789292-85C5-4B50-AD3D-64D62D38084B}.Release|Any CPU.ActiveCfg = Release|Any CPU
		{24789292-85C5-4B50-AD3D-64D62D38084B}.Release|Any CPU.Build.0 = Release|Any CPU
	EndGlobalSection
	GlobalSection(SolutionProperties) = preSolution
		HideSolutionNode = FALSE
	EndGlobalSection
	GlobalSection(ExtensibilityGlobals) = postSolution
		SolutionGuid = {63B138FA-1A72-4742-A8EC-3B53FBFF8340}
	EndGlobalSection
EndGlobal
